
Microsoft Visual Studio Solution File, Format Version 12.00
# Visual Studio 14
VisualStudioVersion = 14.0.23107.0
MinimumVisualStudioVersion = 10.0.40219.1
Project("{FAE04EC0-301F-11D3-BF4B-00C04F79EFBC}") = "Models", "Models\Models.csproj", "{D90A5173-E17D-432F-BBCA-9C7E8BC0982F}"
EndProject
Project("{FAE04EC0-301F-11D3-BF4B-00C04F79EFBC}") = "YahooApi", "YahooApi\YahooApi.csproj", "{C3F977CC-84B8-43CE-9C1F-428E402B04E5}"
EndProject
Project("{FAE04EC0-301F-11D3-BF4B-00C04F79EFBC}") = "YahooApiTests", "YahooApiTests\YahooApiTests.csproj", "{93E90C40-DCD1-4B4B-B767-D11FF4A6D44B}"
EndProject
Global
	GlobalSection(SolutionConfigurationPlatforms) = preSolution
		Debug|Any CPU = Debug|Any CPU
		Release|Any CPU = Release|Any CPU
	EndGlobalSection
	GlobalSection(ProjectConfigurationPlatforms) = postSolution
		{D90A5173-E17D-432F-BBCA-9C7E8BC0982F}.Debug|Any CPU.ActiveCfg = Debug|Any CPU
		{D90A5173-E17D-432F-BBCA-9C7E8BC0982F}.Debug|Any CPU.Build.0 = Debug|Any CPU
		{D90A5173-E17D-432F-BBCA-9C7E8BC0982F}.Release|Any CPU.ActiveCfg = Release|Any CPU
		{D90A5173-E17D-432F-BBCA-9C7E8BC0982F}.Release|Any CPU.Build.0 = Release|Any CPU
		{C3F977CC-84B8-43CE-9C1F-428E402B04E5}.Debug|Any CPU.ActiveCfg = Debug|Any CPU
		{C3F977CC-84B8-43CE-9C1F-428E402B04E5}.Debug|Any CPU.Build.0 = Debug|Any CPU
		{C3F977CC-84B8-43CE-9C1F-428E402B04E5}.Release|Any CPU.ActiveCfg = Release|Any CPU
		{C3F977CC-84B8-43CE-9C1F-428E402B04E5}.Release|Any CPU.Build.0 = Release|Any CPU
		{93E90C40-DCD1-4B4B-B767-D11FF4A6D44B}.Debug|Any CPU.ActiveCfg = Debug|Any CPU
		{93E90C40-DCD1-4B4B-B767-D11FF4A6D44B}.Debug|Any CPU.Build.0 = Debug|Any CPU
		{93E90C40-DCD1-4B4B-B767-D11FF4A6D44B}.Release|Any CPU.ActiveCfg = Release|Any CPU
		{93E90C40-DCD1-4B4B-B767-D11FF4A6D44B}.Release|Any CPU.Build.0 = Release|Any CPU
	EndGlobalSection
	GlobalSection(SolutionProperties) = preSolution
		HideSolutionNode = FALSE
	EndGlobalSection
EndGlobal
