
Microsoft Visual Studio Solution File, Format Version 12.00
# Visual Studio 14
VisualStudioVersion = 14.0.25420.1
MinimumVisualStudioVersion = 10.0.40219.1
Project("{FAE04EC0-301F-11D3-BF4B-00C04F79EFBC}") = "Models", "Models\Models.csproj", "{D90A5173-E17D-432F-BBCA-9C7E8BC0982F}"
EndProject
Project("{FAE04EC0-301F-11D3-BF4B-00C04F79EFBC}") = "Forms", "Forms\Forms.csproj", "{27B1321E-C5D9-470C-B575-44E9E89BF3E3}"
EndProject
Project("{FAE04EC0-301F-11D3-BF4B-00C04F79EFBC}") = "BusinessLayer", "BusinessLayer\BusinessLayer.csproj", "{53843DEC-D5B7-40BF-B7C4-3C599FA129E8}"
EndProject
Project("{FAE04EC0-301F-11D3-BF4B-00C04F79EFBC}") = "YahooApi", "YahooApi\YahooApi.csproj", "{9402D8E1-71E6-474F-AF97-C7F8E1B028B0}"
EndProject
Project("{FAE04EC0-301F-11D3-BF4B-00C04F79EFBC}") = "YahooApiTests", "YahooApiTests\YahooApiTests.csproj", "{62CA523D-0B5A-4C18-8775-A34FFCCF33FE}"
EndProject
Project("{FAE04EC0-301F-11D3-BF4B-00C04F79EFBC}") = "BusinessLayerTests", "BusinessLayerTests\BusinessLayerTests.csproj", "{559E5179-2080-49CE-A47E-9086F64AEA9B}"
EndProject
Global
	GlobalSection(SolutionConfigurationPlatforms) = preSolution
		Debug|Any CPU = Debug|Any CPU
		Release|Any CPU = Release|Any CPU
	EndGlobalSection
	GlobalSection(ProjectConfigurationPlatforms) = postSolution
		{D90A5173-E17D-432F-BBCA-9C7E8BC0982F}.Debug|Any CPU.ActiveCfg = Debug|Any CPU
		{D90A5173-E17D-432F-BBCA-9C7E8BC0982F}.Debug|Any CPU.Build.0 = Debug|Any CPU
		{D90A5173-E17D-432F-BBCA-9C7E8BC0982F}.Release|Any CPU.ActiveCfg = Release|Any CPU
		{D90A5173-E17D-432F-BBCA-9C7E8BC0982F}.Release|Any CPU.Build.0 = Release|Any CPU
		{27B1321E-C5D9-470C-B575-44E9E89BF3E3}.Debug|Any CPU.ActiveCfg = Debug|Any CPU
		{27B1321E-C5D9-470C-B575-44E9E89BF3E3}.Debug|Any CPU.Build.0 = Debug|Any CPU
		{27B1321E-C5D9-470C-B575-44E9E89BF3E3}.Release|Any CPU.ActiveCfg = Release|Any CPU
		{27B1321E-C5D9-470C-B575-44E9E89BF3E3}.Release|Any CPU.Build.0 = Release|Any CPU
		{53843DEC-D5B7-40BF-B7C4-3C599FA129E8}.Debug|Any CPU.ActiveCfg = Debug|Any CPU
		{53843DEC-D5B7-40BF-B7C4-3C599FA129E8}.Debug|Any CPU.Build.0 = Debug|Any CPU
		{53843DEC-D5B7-40BF-B7C4-3C599FA129E8}.Release|Any CPU.ActiveCfg = Release|Any CPU
		{53843DEC-D5B7-40BF-B7C4-3C599FA129E8}.Release|Any CPU.Build.0 = Release|Any CPU
		{9402D8E1-71E6-474F-AF97-C7F8E1B028B0}.Debug|Any CPU.ActiveCfg = Debug|Any CPU
		{9402D8E1-71E6-474F-AF97-C7F8E1B028B0}.Debug|Any CPU.Build.0 = Debug|Any CPU
		{9402D8E1-71E6-474F-AF97-C7F8E1B028B0}.Release|Any CPU.ActiveCfg = Release|Any CPU
		{9402D8E1-71E6-474F-AF97-C7F8E1B028B0}.Release|Any CPU.Build.0 = Release|Any CPU
		{62CA523D-0B5A-4C18-8775-A34FFCCF33FE}.Debug|Any CPU.ActiveCfg = Debug|Any CPU
		{62CA523D-0B5A-4C18-8775-A34FFCCF33FE}.Debug|Any CPU.Build.0 = Debug|Any CPU
		{62CA523D-0B5A-4C18-8775-A34FFCCF33FE}.Release|Any CPU.ActiveCfg = Release|Any CPU
		{62CA523D-0B5A-4C18-8775-A34FFCCF33FE}.Release|Any CPU.Build.0 = Release|Any CPU
		{559E5179-2080-49CE-A47E-9086F64AEA9B}.Debug|Any CPU.ActiveCfg = Debug|Any CPU
		{559E5179-2080-49CE-A47E-9086F64AEA9B}.Debug|Any CPU.Build.0 = Debug|Any CPU
		{559E5179-2080-49CE-A47E-9086F64AEA9B}.Release|Any CPU.ActiveCfg = Release|Any CPU
		{559E5179-2080-49CE-A47E-9086F64AEA9B}.Release|Any CPU.Build.0 = Release|Any CPU
	EndGlobalSection
	GlobalSection(SolutionProperties) = preSolution
		HideSolutionNode = FALSE
	EndGlobalSection
EndGlobal
